
Microsoft Visual Studio Solution File, Format Version 12.00
# Visual Studio Version 16
VisualStudioVersion = 16.0.30114.105
MinimumVisualStudioVersion = 10.0.40219.1
Project("{2150E333-8FDC-42A3-9474-1A3956D46DE8}") = "Source", "Source", "{834CBF33-FDA1-49BD-A20F-5D03B1E60F91}"
EndProject
Project("{FAE04EC0-301F-11D3-BF4B-00C04F79EFBC}") = "App", "Source\App\App.csproj", "{F290231B-8ECE-4779-87F3-03609BCFD22E}"
EndProject
Global
	GlobalSection(SolutionConfigurationPlatforms) = preSolution
		Debug|Any CPU = Debug|Any CPU
		Release|Any CPU = Release|Any CPU
	EndGlobalSection
	GlobalSection(SolutionProperties) = preSolution
		HideSolutionNode = FALSE
	EndGlobalSection
	GlobalSection(ProjectConfigurationPlatforms) = postSolution
		{F290231B-8ECE-4779-87F3-03609BCFD22E}.Debug|Any CPU.ActiveCfg = Debug|Any CPU
		{F290231B-8ECE-4779-87F3-03609BCFD22E}.Debug|Any CPU.Build.0 = Debug|Any CPU
		{F290231B-8ECE-4779-87F3-03609BCFD22E}.Release|Any CPU.ActiveCfg = Release|Any CPU
		{F290231B-8ECE-4779-87F3-03609BCFD22E}.Release|Any CPU.Build.0 = Release|Any CPU
	EndGlobalSection
	GlobalSection(NestedProjects) = preSolution
		{F290231B-8ECE-4779-87F3-03609BCFD22E} = {834CBF33-FDA1-49BD-A20F-5D03B1E60F91}
	EndGlobalSection
EndGlobal
